// !$*UTF8*$!
{
	archiveVersion = 1;
	classes = {
	};
	objectVersion = 46;
	objects = {

/* Begin PBXBuildFile section */
		7E13215B1CA9334D0087E244 /* AppDelegate.swift in Sources */ = {isa = PBXBuildFile; fileRef = 7E13215A1CA9334D0087E244 /* AppDelegate.swift */; };
		7E13215D1CA9334D0087E244 /* ViewController.swift in Sources */ = {isa = PBXBuildFile; fileRef = 7E13215C1CA9334D0087E244 /* ViewController.swift */; };
		7E1321601CA9334D0087E244 /* Main.storyboard in Resources */ = {isa = PBXBuildFile; fileRef = 7E13215E1CA9334D0087E244 /* Main.storyboard */; };
		7E1321621CA9334D0087E244 /* Assets.xcassets in Resources */ = {isa = PBXBuildFile; fileRef = 7E1321611CA9334D0087E244 /* Assets.xcassets */; };
		7E1321651CA9334D0087E244 /* LaunchScreen.storyboard in Resources */ = {isa = PBXBuildFile; fileRef = 7E1321631CA9334D0087E244 /* LaunchScreen.storyboard */; };
		7E1321751CA933D20087E244 /* APLOpenGLRenderer.m in Sources */ = {isa = PBXBuildFile; fileRef = 7E1321741CA933D20087E244 /* APLOpenGLRenderer.m */; };
		7EC0C3781CABBCB200BD72E5 /* LYStarWipeRenderer.m in Sources */ = {isa = PBXBuildFile; fileRef = 7EC0C3771CABBCB200BD72E5 /* LYStarWipeRenderer.m */; };
		7EC0C37B1CABBD4500BD72E5 /* LYFoldRenderer.m in Sources */ = {isa = PBXBuildFile; fileRef = 7EC0C37A1CABBD4500BD72E5 /* LYFoldRenderer.m */; };
		7EC0C37E1CABBDE200BD72E5 /* LYWindRenderer.m in Sources */ = {isa = PBXBuildFile; fileRef = 7EC0C37D1CABBDE200BD72E5 /* LYWindRenderer.m */; };
		7EC0C3811CABBE4F00BD72E5 /* LYSimpleFlipRenderer.m in Sources */ = {isa = PBXBuildFile; fileRef = 7EC0C3801CABBE4F00BD72E5 /* LYSimpleFlipRenderer.m */; };
		7EC0C3841CABBE8C00BD72E5 /* LYPinwheelRenderer.m in Sources */ = {isa = PBXBuildFile; fileRef = 7EC0C3831CABBE8C00BD72E5 /* LYPinwheelRenderer.m */; };
		7EC0C38B1CABC28100BD72E5 /* APLCustomVideoCompositionInstruction.m in Sources */ = {isa = PBXBuildFile; fileRef = 7EC0C3881CABC28100BD72E5 /* APLCustomVideoCompositionInstruction.m */; };
		7EC0C38C1CABC28100BD72E5 /* APLCustomVideoCompositor.m in Sources */ = {isa = PBXBuildFile; fileRef = 7EC0C38A1CABC28100BD72E5 /* APLCustomVideoCompositor.m */; };
		7EC0C38F1CABC52600BD72E5 /* LYPinwheelVideoCompositor.m in Sources */ = {isa = PBXBuildFile; fileRef = 7EC0C38E1CABC52600BD72E5 /* LYPinwheelVideoCompositor.m */; };
		7EC0C3921CABC53900BD72E5 /* LYSimpleFlipVideoCompositor.m in Sources */ = {isa = PBXBuildFile; fileRef = 7EC0C3911CABC53900BD72E5 /* LYSimpleFlipVideoCompositor.m */; };
		7EC0C3951CABC55600BD72E5 /* LYWindVideoCompositor.m in Sources */ = {isa = PBXBuildFile; fileRef = 7EC0C3941CABC55600BD72E5 /* LYWindVideoCompositor.m */; };
		7EC0C3981CABC56500BD72E5 /* LYFoldVideoCompositor.m in Sources */ = {isa = PBXBuildFile; fileRef = 7EC0C3971CABC56500BD72E5 /* LYFoldVideoCompositor.m */; };
		7EC0C39B1CABC57600BD72E5 /* LYStarWipeVideoCompositor.m in Sources */ = {isa = PBXBuildFile; fileRef = 7EC0C39A1CABC57600BD72E5 /* LYStarWipeVideoCompositor.m */; };
/* End PBXBuildFile section */

/* Begin PBXFileReference section */
		7E1321571CA9334C0087E244 /* TransitionRenderSample.app */ = {isa = PBXFileReference; explicitFileType = wrapper.application; includeInIndex = 0; path = TransitionRenderSample.app; sourceTree = BUILT_PRODUCTS_DIR; };
		7E13215A1CA9334D0087E244 /* AppDelegate.swift */ = {isa = PBXFileReference; lastKnownFileType = sourcecode.swift; name = AppDelegate.swift; path = ../AppDelegate.swift; sourceTree = "<group>"; };
		7E13215C1CA9334D0087E244 /* ViewController.swift */ = {isa = PBXFileReference; lastKnownFileType = sourcecode.swift; name = ViewController.swift; path = ../ViewController.swift; sourceTree = "<group>"; };
		7E13215F1CA9334D0087E244 /* Base */ = {isa = PBXFileReference; lastKnownFileType = file.storyboard; name = Base; path = Base.lproj/Main.storyboard; sourceTree = "<group>"; };
		7E1321611CA9334D0087E244 /* Assets.xcassets */ = {isa = PBXFileReference; lastKnownFileType = folder.assetcatalog; path = Assets.xcassets; sourceTree = "<group>"; };
		7E1321641CA9334D0087E244 /* Base */ = {isa = PBXFileReference; lastKnownFileType = file.storyboard; name = Base; path = Base.lproj/LaunchScreen.storyboard; sourceTree = "<group>"; };
		7E1321661CA9334D0087E244 /* Info.plist */ = {isa = PBXFileReference; lastKnownFileType = text.plist.xml; path = Info.plist; sourceTree = "<group>"; };
		7E1321721CA933D20087E244 /* TransitionRenderSample-Bridging-Header.h */ = {isa = PBXFileReference; lastKnownFileType = sourcecode.c.h; path = "TransitionRenderSample-Bridging-Header.h"; sourceTree = "<group>"; };
		7E1321731CA933D20087E244 /* APLOpenGLRenderer.h */ = {isa = PBXFileReference; fileEncoding = 4; lastKnownFileType = sourcecode.c.h; path = APLOpenGLRenderer.h; sourceTree = "<group>"; };
		7E1321741CA933D20087E244 /* APLOpenGLRenderer.m */ = {isa = PBXFileReference; fileEncoding = 4; lastKnownFileType = sourcecode.c.objc; path = APLOpenGLRenderer.m; sourceTree = "<group>"; };
		7EC0C3761CABBCB200BD72E5 /* LYStarWipeRenderer.h */ = {isa = PBXFileReference; fileEncoding = 4; lastKnownFileType = sourcecode.c.h; path = LYStarWipeRenderer.h; sourceTree = "<group>"; };
		7EC0C3771CABBCB200BD72E5 /* LYStarWipeRenderer.m */ = {isa = PBXFileReference; fileEncoding = 4; lastKnownFileType = sourcecode.c.objc; path = LYStarWipeRenderer.m; sourceTree = "<group>"; };
		7EC0C3791CABBD4500BD72E5 /* LYFoldRenderer.h */ = {isa = PBXFileReference; fileEncoding = 4; lastKnownFileType = sourcecode.c.h; path = LYFoldRenderer.h; sourceTree = "<group>"; };
		7EC0C37A1CABBD4500BD72E5 /* LYFoldRenderer.m */ = {isa = PBXFileReference; fileEncoding = 4; lastKnownFileType = sourcecode.c.objc; path = LYFoldRenderer.m; sourceTree = "<group>"; };
		7EC0C37C1CABBDE200BD72E5 /* LYWindRenderer.h */ = {isa = PBXFileReference; fileEncoding = 4; lastKnownFileType = sourcecode.c.h; path = LYWindRenderer.h; sourceTree = "<group>"; };
		7EC0C37D1CABBDE200BD72E5 /* LYWindRenderer.m */ = {isa = PBXFileReference; fileEncoding = 4; lastKnownFileType = sourcecode.c.objc; path = LYWindRenderer.m; sourceTree = "<group>"; };
		7EC0C37F1CABBE4F00BD72E5 /* LYSimpleFlipRenderer.h */ = {isa = PBXFileReference; fileEncoding = 4; lastKnownFileType = sourcecode.c.h; path = LYSimpleFlipRenderer.h; sourceTree = "<group>"; };
		7EC0C3801CABBE4F00BD72E5 /* LYSimpleFlipRenderer.m */ = {isa = PBXFileReference; fileEncoding = 4; lastKnownFileType = sourcecode.c.objc; path = LYSimpleFlipRenderer.m; sourceTree = "<group>"; };
		7EC0C3821CABBE8C00BD72E5 /* LYPinwheelRenderer.h */ = {isa = PBXFileReference; fileEncoding = 4; lastKnownFileType = sourcecode.c.h; path = LYPinwheelRenderer.h; sourceTree = "<group>"; };
		7EC0C3831CABBE8C00BD72E5 /* LYPinwheelRenderer.m */ = {isa = PBXFileReference; fileEncoding = 4; lastKnownFileType = sourcecode.c.objc; path = LYPinwheelRenderer.m; sourceTree = "<group>"; };
		7EC0C3871CABC28100BD72E5 /* APLCustomVideoCompositionInstruction.h */ = {isa = PBXFileReference; fileEncoding = 4; lastKnownFileType = sourcecode.c.h; path = APLCustomVideoCompositionInstruction.h; sourceTree = "<group>"; };
		7EC0C3881CABC28100BD72E5 /* APLCustomVideoCompositionInstruction.m */ = {isa = PBXFileReference; fileEncoding = 4; lastKnownFileType = sourcecode.c.objc; path = APLCustomVideoCompositionInstruction.m; sourceTree = "<group>"; };
		7EC0C3891CABC28100BD72E5 /* APLCustomVideoCompositor.h */ = {isa = PBXFileReference; fileEncoding = 4; lastKnownFileType = sourcecode.c.h; path = APLCustomVideoCompositor.h; sourceTree = "<group>"; };
		7EC0C38A1CABC28100BD72E5 /* APLCustomVideoCompositor.m */ = {isa = PBXFileReference; fileEncoding = 4; lastKnownFileType = sourcecode.c.objc; path = APLCustomVideoCompositor.m; sourceTree = "<group>"; };
		7EC0C38D1CABC52600BD72E5 /* LYPinwheelVideoCompositor.h */ = {isa = PBXFileReference; fileEncoding = 4; lastKnownFileType = sourcecode.c.h; path = LYPinwheelVideoCompositor.h; sourceTree = "<group>"; };
		7EC0C38E1CABC52600BD72E5 /* LYPinwheelVideoCompositor.m */ = {isa = PBXFileReference; fileEncoding = 4; lastKnownFileType = sourcecode.c.objc; path = LYPinwheelVideoCompositor.m; sourceTree = "<group>"; };
		7EC0C3901CABC53900BD72E5 /* LYSimpleFlipVideoCompositor.h */ = {isa = PBXFileReference; fileEncoding = 4; lastKnownFileType = sourcecode.c.h; path = LYSimpleFlipVideoCompositor.h; sourceTree = "<group>"; };
		7EC0C3911CABC53900BD72E5 /* LYSimpleFlipVideoCompositor.m */ = {isa = PBXFileReference; fileEncoding = 4; lastKnownFileType = sourcecode.c.objc; path = LYSimpleFlipVideoCompositor.m; sourceTree = "<group>"; };
		7EC0C3931CABC55600BD72E5 /* LYWindVideoCompositor.h */ = {isa = PBXFileReference; fileEncoding = 4; lastKnownFileType = sourcecode.c.h; path = LYWindVideoCompositor.h; sourceTree = "<group>"; };
		7EC0C3941CABC55600BD72E5 /* LYWindVideoCompositor.m */ = {isa = PBXFileReference; fileEncoding = 4; lastKnownFileType = sourcecode.c.objc; path = LYWindVideoCompositor.m; sourceTree = "<group>"; };
		7EC0C3961CABC56500BD72E5 /* LYFoldVideoCompositor.h */ = {isa = PBXFileReference; fileEncoding = 4; lastKnownFileType = sourcecode.c.h; path = LYFoldVideoCompositor.h; sourceTree = "<group>"; };
		7EC0C3971CABC56500BD72E5 /* LYFoldVideoCompositor.m */ = {isa = PBXFileReference; fileEncoding = 4; lastKnownFileType = sourcecode.c.objc; path = LYFoldVideoCompositor.m; sourceTree = "<group>"; };
		7EC0C3991CABC57600BD72E5 /* LYStarWipeVideoCompositor.h */ = {isa = PBXFileReference; fileEncoding = 4; lastKnownFileType = sourcecode.c.h; path = LYStarWipeVideoCompositor.h; sourceTree = "<group>"; };
		7EC0C39A1CABC57600BD72E5 /* LYStarWipeVideoCompositor.m */ = {isa = PBXFileReference; fileEncoding = 4; lastKnownFileType = sourcecode.c.objc; path = LYStarWipeVideoCompositor.m; sourceTree = "<group>"; };
/* End PBXFileReference section */

/* Begin PBXFrameworksBuildPhase section */
		7E1321541CA9334C0087E244 /* Frameworks */ = {
			isa = PBXFrameworksBuildPhase;
			buildActionMask = 2147483647;
			files = (
			);
			runOnlyForDeploymentPostprocessing = 0;
		};
/* End PBXFrameworksBuildPhase section */

/* Begin PBXGroup section */
		7E13214E1CA9334C0087E244 = {
			isa = PBXGroup;
			children = (
				7E1321591CA9334D0087E244 /* TransitionRenderSample */,
				7E1321581CA9334C0087E244 /* Products */,
			);
			sourceTree = "<group>";
		};
		7E1321581CA9334C0087E244 /* Products */ = {
			isa = PBXGroup;
			children = (
				7E1321571CA9334C0087E244 /* TransitionRenderSample.app */,
			);
			name = Products;
			sourceTree = "<group>";
		};
		7E1321591CA9334D0087E244 /* TransitionRenderSample */ = {
			isa = PBXGroup;
			children = (
				7E1321711CA933AD0087E244 /* Src */,
				7E1321701CA933AD0087E244 /* Render */,
				7EC0C3861CABC28100BD72E5 /* Compositor */,
				7E13215E1CA9334D0087E244 /* Main.storyboard */,
				7E1321611CA9334D0087E244 /* Assets.xcassets */,
				7E1321631CA9334D0087E244 /* LaunchScreen.storyboard */,
				7E1321661CA9334D0087E244 /* Info.plist */,
			);
			path = TransitionRenderSample;
			sourceTree = "<group>";
		};
		7E1321701CA933AD0087E244 /* Render */ = {
			isa = PBXGroup;
			children = (
				7E1321731CA933D20087E244 /* APLOpenGLRenderer.h */,
				7E1321741CA933D20087E244 /* APLOpenGLRenderer.m */,
				7EC0C3761CABBCB200BD72E5 /* LYStarWipeRenderer.h */,
				7EC0C3771CABBCB200BD72E5 /* LYStarWipeRenderer.m */,
				7EC0C3791CABBD4500BD72E5 /* LYFoldRenderer.h */,
				7EC0C37A1CABBD4500BD72E5 /* LYFoldRenderer.m */,
				7EC0C37C1CABBDE200BD72E5 /* LYWindRenderer.h */,
				7EC0C37D1CABBDE200BD72E5 /* LYWindRenderer.m */,
				7EC0C37F1CABBE4F00BD72E5 /* LYSimpleFlipRenderer.h */,
				7EC0C3801CABBE4F00BD72E5 /* LYSimpleFlipRenderer.m */,
				7EC0C3821CABBE8C00BD72E5 /* LYPinwheelRenderer.h */,
				7EC0C3831CABBE8C00BD72E5 /* LYPinwheelRenderer.m */,
				7E1321721CA933D20087E244 /* TransitionRenderSample-Bridging-Header.h */,
			);
			path = Render;
			sourceTree = "<group>";
		};
		7E1321711CA933AD0087E244 /* Src */ = {
			isa = PBXGroup;
			children = (
				7E13215A1CA9334D0087E244 /* AppDelegate.swift */,
				7E13215C1CA9334D0087E244 /* ViewController.swift */,
			);
			path = Src;
			sourceTree = "<group>";
		};
		7EC0C3861CABC28100BD72E5 /* Compositor */ = {
			isa = PBXGroup;
			children = (
				7EC0C3871CABC28100BD72E5 /* APLCustomVideoCompositionInstruction.h */,
				7EC0C3881CABC28100BD72E5 /* APLCustomVideoCompositionInstruction.m */,
				7EC0C3891CABC28100BD72E5 /* APLCustomVideoCompositor.h */,
				7EC0C38A1CABC28100BD72E5 /* APLCustomVideoCompositor.m */,
				7EC0C38D1CABC52600BD72E5 /* LYPinwheelVideoCompositor.h */,
				7EC0C38E1CABC52600BD72E5 /* LYPinwheelVideoCompositor.m */,
				7EC0C3901CABC53900BD72E5 /* LYSimpleFlipVideoCompositor.h */,
				7EC0C3911CABC53900BD72E5 /* LYSimpleFlipVideoCompositor.m */,
				7EC0C3931CABC55600BD72E5 /* LYWindVideoCompositor.h */,
				7EC0C3941CABC55600BD72E5 /* LYWindVideoCompositor.m */,
				7EC0C3961CABC56500BD72E5 /* LYFoldVideoCompositor.h */,
				7EC0C3971CABC56500BD72E5 /* LYFoldVideoCompositor.m */,
				7EC0C3991CABC57600BD72E5 /* LYStarWipeVideoCompositor.h */,
				7EC0C39A1CABC57600BD72E5 /* LYStarWipeVideoCompositor.m */,
			);
			path = Compositor;
			sourceTree = "<group>";
		};
/* End PBXGroup section */

/* Begin PBXNativeTarget section */
		7E1321561CA9334C0087E244 /* TransitionRenderSample */ = {
			isa = PBXNativeTarget;
			buildConfigurationList = 7E1321691CA9334D0087E244 /* Build configuration list for PBXNativeTarget "TransitionRenderSample" */;
			buildPhases = (
				7E1321531CA9334C0087E244 /* Sources */,
				7E1321541CA9334C0087E244 /* Frameworks */,
				7E1321551CA9334C0087E244 /* Resources */,
			);
			buildRules = (
			);
			dependencies = (
			);
			name = TransitionRenderSample;
			productName = TransitionRenderSample;
			productReference = 7E1321571CA9334C0087E244 /* TransitionRenderSample.app */;
			productType = "com.apple.product-type.application";
		};
/* End PBXNativeTarget section */

/* Begin PBXProject section */
		7E13214F1CA9334C0087E244 /* Project object */ = {
			isa = PBXProject;
			attributes = {
				LastSwiftUpdateCheck = 0730;
				LastUpgradeCheck = 0730;
				ORGANIZATIONNAME = lance;
				TargetAttributes = {
					7E1321561CA9334C0087E244 = {
						CreatedOnToolsVersion = 7.3;
					};
				};
			};
			buildConfigurationList = 7E1321521CA9334C0087E244 /* Build configuration list for PBXProject "TransitionRenderSample" */;
			compatibilityVersion = "Xcode 3.2";
			developmentRegion = English;
			hasScannedForEncodings = 0;
			knownRegions = (
				en,
				Base,
			);
			mainGroup = 7E13214E1CA9334C0087E244;
			productRefGroup = 7E1321581CA9334C0087E244 /* Products */;
			projectDirPath = "";
			projectRoot = "";
			targets = (
				7E1321561CA9334C0087E244 /* TransitionRenderSample */,
			);
		};
/* End PBXProject section */

/* Begin PBXResourcesBuildPhase section */
		7E1321551CA9334C0087E244 /* Resources */ = {
			isa = PBXResourcesBuildPhase;
			buildActionMask = 2147483647;
			files = (
				7E1321651CA9334D0087E244 /* LaunchScreen.storyboard in Resources */,
				7E1321621CA9334D0087E244 /* Assets.xcassets in Resources */,
				7E1321601CA9334D0087E244 /* Main.storyboard in Resources */,
			);
			runOnlyForDeploymentPostprocessing = 0;
		};
/* End PBXResourcesBuildPhase section */

/* Begin PBXSourcesBuildPhase section */
		7E1321531CA9334C0087E244 /* Sources */ = {
			isa = PBXSourcesBuildPhase;
			buildActionMask = 2147483647;
			files = (
				7E13215D1CA9334D0087E244 /* ViewController.swift in Sources */,
				7EC0C38C1CABC28100BD72E5 /* APLCustomVideoCompositor.m in Sources */,
				7EC0C3981CABC56500BD72E5 /* LYFoldVideoCompositor.m in Sources */,
				7EC0C37E1CABBDE200BD72E5 /* LYWindRenderer.m in Sources */,
				7EC0C3811CABBE4F00BD72E5 /* LYSimpleFlipRenderer.m in Sources */,
				7EC0C39B1CABC57600BD72E5 /* LYStarWipeVideoCompositor.m in Sources */,
				7EC0C38F1CABC52600BD72E5 /* LYPinwheelVideoCompositor.m in Sources */,
				7EC0C38B1CABC28100BD72E5 /* APLCustomVideoCompositionInstruction.m in Sources */,
				7E13215B1CA9334D0087E244 /* AppDelegate.swift in Sources */,
				7EC0C37B1CABBD4500BD72E5 /* LYFoldRenderer.m in Sources */,
				7EC0C3921CABC53900BD72E5 /* LYSimpleFlipVideoCompositor.m in Sources */,
				7EC0C3781CABBCB200BD72E5 /* LYStarWipeRenderer.m in Sources */,
				7E1321751CA933D20087E244 /* APLOpenGLRenderer.m in Sources */,
				7EC0C3841CABBE8C00BD72E5 /* LYPinwheelRenderer.m in Sources */,
				7EC0C3951CABC55600BD72E5 /* LYWindVideoCompositor.m in Sources */,
			);
			runOnlyForDeploymentPostprocessing = 0;
		};
/* End PBXSourcesBuildPhase section */

/* Begin PBXVariantGroup section */
		7E13215E1CA9334D0087E244 /* Main.storyboard */ = {
			isa = PBXVariantGroup;
			children = (
				7E13215F1CA9334D0087E244 /* Base */,
			);
			name = Main.storyboard;
			sourceTree = "<group>";
		};
		7E1321631CA9334D0087E244 /* LaunchScreen.storyboard */ = {
			isa = PBXVariantGroup;
			children = (
				7E1321641CA9334D0087E244 /* Base */,
			);
			name = LaunchScreen.storyboard;
			sourceTree = "<group>";
		};
/* End PBXVariantGroup section */

/* Begin XCBuildConfiguration section */
		7E1321671CA9334D0087E244 /* Debug */ = {
			isa = XCBuildConfiguration;
			buildSettings = {
				ALWAYS_SEARCH_USER_PATHS = NO;
				CLANG_ANALYZER_NONNULL = YES;
				CLANG_CXX_LANGUAGE_STANDARD = "gnu++0x";
				CLANG_CXX_LIBRARY = "libc++";
				CLANG_ENABLE_MODULES = YES;
				CLANG_ENABLE_OBJC_ARC = YES;
				CLANG_WARN_BOOL_CONVERSION = YES;
				CLANG_WARN_CONSTANT_CONVERSION = YES;
				CLANG_WARN_DIRECT_OBJC_ISA_USAGE = YES_ERROR;
				CLANG_WARN_EMPTY_BODY = YES;
				CLANG_WARN_ENUM_CONVERSION = YES;
				CLANG_WARN_INT_CONVERSION = YES;
				CLANG_WARN_OBJC_ROOT_CLASS = YES_ERROR;
				CLANG_WARN_UNREACHABLE_CODE = YES;
				CLANG_WARN__DUPLICATE_METHOD_MATCH = YES;
				"CODE_SIGN_IDENTITY[sdk=iphoneos*]" = "iPhone Developer";
				COPY_PHASE_STRIP = NO;
				DEBUG_INFORMATION_FORMAT = dwarf;
				ENABLE_STRICT_OBJC_MSGSEND = YES;
				ENABLE_TESTABILITY = YES;
				GCC_C_LANGUAGE_STANDARD = gnu99;
				GCC_DYNAMIC_NO_PIC = NO;
				GCC_NO_COMMON_BLOCKS = YES;
				GCC_OPTIMIZATION_LEVEL = 0;
				GCC_PREPROCESSOR_DEFINITIONS = (
					"DEBUG=1",
					"$(inherited)",
				);
				GCC_WARN_64_TO_32_BIT_CONVERSION = YES;
				GCC_WARN_ABOUT_RETURN_TYPE = YES_ERROR;
				GCC_WARN_UNDECLARED_SELECTOR = YES;
				GCC_WARN_UNINITIALIZED_AUTOS = YES_AGGRESSIVE;
				GCC_WARN_UNUSED_FUNCTION = YES;
				GCC_WARN_UNUSED_VARIABLE = YES;
				IPHONEOS_DEPLOYMENT_TARGET = 9.3;
				MTL_ENABLE_DEBUG_INFO = YES;
				ONLY_ACTIVE_ARCH = YES;
				SDKROOT = iphoneos;
				SWIFT_OPTIMIZATION_LEVEL = "-Onone";
				TARGETED_DEVICE_FAMILY = "1,2";
			};
			name = Debug;
		};
		7E1321681CA9334D0087E244 /* Release */ = {
			isa = XCBuildConfiguration;
			buildSettings = {
				ALWAYS_SEARCH_USER_PATHS = NO;
				CLANG_ANALYZER_NONNULL = YES;
				CLANG_CXX_LANGUAGE_STANDARD = "gnu++0x";
				CLANG_CXX_LIBRARY = "libc++";
				CLANG_ENABLE_MODULES = YES;
				CLANG_ENABLE_OBJC_ARC = YES;
				CLANG_WARN_BOOL_CONVERSION = YES;
				CLANG_WARN_CONSTANT_CONVERSION = YES;
				CLANG_WARN_DIRECT_OBJC_ISA_USAGE = YES_ERROR;
				CLANG_WARN_EMPTY_BODY = YES;
				CLANG_WARN_ENUM_CONVERSION = YES;
				CLANG_WARN_INT_CONVERSION = YES;
				CLANG_WARN_OBJC_ROOT_CLASS = YES_ERROR;
				CLANG_WARN_UNREACHABLE_CODE = YES;
				CLANG_WARN__DUPLICATE_METHOD_MATCH = YES;
				"CODE_SIGN_IDENTITY[sdk=iphoneos*]" = "iPhone Developer";
				COPY_PHASE_STRIP = NO;
				DEBUG_INFORMATION_FORMAT = "dwarf-with-dsym";
				ENABLE_NS_ASSERTIONS = NO;
				ENABLE_STRICT_OBJC_MSGSEND = YES;
				GCC_C_LANGUAGE_STANDARD = gnu99;
				GCC_NO_COMMON_BLOCKS = YES;
				GCC_WARN_64_TO_32_BIT_CONVERSION = YES;
				GCC_WARN_ABOUT_RETURN_TYPE = YES_ERROR;
				GCC_WARN_UNDECLARED_SELECTOR = YES;
				GCC_WARN_UNINITIALIZED_AUTOS = YES_AGGRESSIVE;
				GCC_WARN_UNUSED_FUNCTION = YES;
				GCC_WARN_UNUSED_VARIABLE = YES;
				IPHONEOS_DEPLOYMENT_TARGET = 9.3;
				MTL_ENABLE_DEBUG_INFO = NO;
				SDKROOT = iphoneos;
				TARGETED_DEVICE_FAMILY = "1,2";
				VALIDATE_PRODUCT = YES;
			};
			name = Release;
		};
		7E13216A1CA9334D0087E244 /* Debug */ = {
			isa = XCBuildConfiguration;
			buildSettings = {
				ASSETCATALOG_COMPILER_APPICON_NAME = AppIcon;
				CLANG_ENABLE_MODULES = YES;
				GCC_C_LANGUAGE_STANDARD = gnu99;
				INFOPLIST_FILE = TransitionRenderSample/Info.plist;
				LD_RUNPATH_SEARCH_PATHS = "$(inherited) @executable_path/Frameworks";
				PRODUCT_BUNDLE_IDENTIFIER = com.lance.TransitionRenderSample;
				PRODUCT_NAME = "$(TARGET_NAME)";
				SWIFT_OBJC_BRIDGING_HEADER = "TransitionRenderSample/Render/TransitionRenderSample-Bridging-Header.h";
				SWIFT_OPTIMIZATION_LEVEL = "-Onone";
			};
			name = Debug;
		};
		7E13216B1CA9334D0087E244 /* Release */ = {
			isa = XCBuildConfiguration;
			buildSettings = {
				ASSETCATALOG_COMPILER_APPICON_NAME = AppIcon;
				CLANG_ENABLE_MODULES = YES;
				GCC_C_LANGUAGE_STANDARD = gnu99;
				INFOPLIST_FILE = TransitionRenderSample/Info.plist;
				LD_RUNPATH_SEARCH_PATHS = "$(inherited) @executable_path/Frameworks";
				PRODUCT_BUNDLE_IDENTIFIER = com.lance.TransitionRenderSample;
				PRODUCT_NAME = "$(TARGET_NAME)";
				SWIFT_OBJC_BRIDGING_HEADER = "TransitionRenderSample/Render/TransitionRenderSample-Bridging-Header.h";
			};
			name = Release;
		};
/* End XCBuildConfiguration section */

/* Begin XCConfigurationList section */
		7E1321521CA9334C0087E244 /* Build configuration list for PBXProject "TransitionRenderSample" */ = {
			isa = XCConfigurationList;
			buildConfigurations = (
				7E1321671CA9334D0087E244 /* Debug */,
				7E1321681CA9334D0087E244 /* Release */,
			);
			defaultConfigurationIsVisible = 0;
			defaultConfigurationName = Release;
		};
		7E1321691CA9334D0087E244 /* Build configuration list for PBXNativeTarget "TransitionRenderSample" */ = {
			isa = XCConfigurationList;
			buildConfigurations = (
				7E13216A1CA9334D0087E244 /* Debug */,
				7E13216B1CA9334D0087E244 /* Release */,
			);
			defaultConfigurationIsVisible = 0;
			defaultConfigurationName = Release;
		};
/* End XCConfigurationList section */
	};
	rootObject = 7E13214F1CA9334C0087E244 /* Project object */;
}
